// !$*UTF8*$!
{
	archiveVersion = 1;
	classes = {
	};
	objectVersion = 56;
	objects = {

/* Begin PBXBuildFile section */
		52188D3C29AE607700095432 /* Week05App.swift in Sources */ = {isa = PBXBuildFile; fileRef = 52188D3B29AE607700095432 /* Week05App.swift */; };
		52188D3E29AE607700095432 /* ContentView.swift in Sources */ = {isa = PBXBuildFile; fileRef = 52188D3D29AE607700095432 /* ContentView.swift */; };
		52188D4029AE609700095432 /* Assets.xcassets in Resources */ = {isa = PBXBuildFile; fileRef = 52188D3F29AE609700095432 /* Assets.xcassets */; };
		52188D4329AE609700095432 /* Preview Assets.xcassets in Resources */ = {isa = PBXBuildFile; fileRef = 52188D4229AE609700095432 /* Preview Assets.xcassets */; };
		52188D4829AE609700095432 /* Week05.xcdatamodeld in Sources */ = {isa = PBXBuildFile; fileRef = 52188D4629AE609700095432 /* Week05.xcdatamodeld */; };
		52188D6B29AE615800095432 /* BundleAudio.swift in Sources */ = {isa = PBXBuildFile; fileRef = 52188D6A29AE615800095432 /* BundleAudio.swift */; };
		52188D7029AE622A00095432 /* 07 SR20DET.mp3 in Resources */ = {isa = PBXBuildFile; fileRef = 52188D6D29AE622100095432 /* 07 SR20DET.mp3 */; };
		52188D7129AE622A00095432 /* Why Try.mp3 in Resources */ = {isa = PBXBuildFile; fileRef = 52188D6E29AE622500095432 /* Why Try.mp3 */; };
		52188D7229AE622A00095432 /* Mother.mp3 in Resources */ = {isa = PBXBuildFile; fileRef = 52188D6F29AE622A00095432 /* Mother.mp3 */; };
/* End PBXBuildFile section */

/* Begin PBXContainerItemProxy section */
		52188D4E29AE609900095432 /* PBXContainerItemProxy */ = {
			isa = PBXContainerItemProxy;
			containerPortal = 52188D3029AE607600095432 /* Project object */;
			proxyType = 1;
			remoteGlobalIDString = 52188D3729AE607700095432;
			remoteInfo = Week05;
		};
		52188D5829AE609900095432 /* PBXContainerItemProxy */ = {
			isa = PBXContainerItemProxy;
			containerPortal = 52188D3029AE607600095432 /* Project object */;
			proxyType = 1;
			remoteGlobalIDString = 52188D3729AE607700095432;
			remoteInfo = Week05;
		};
/* End PBXContainerItemProxy section */

/* Begin PBXFileReference section */
		52188D3829AE607700095432 /* Week05.app */ = {isa = PBXFileReference; explicitFileType = wrapper.application; includeInIndex = 0; path = Week05.app; sourceTree = BUILT_PRODUCTS_DIR; };
		52188D3B29AE607700095432 /* Week05App.swift */ = {isa = PBXFileReference; lastKnownFileType = sourcecode.swift; path = Week05App.swift; sourceTree = "<group>"; };
		52188D3D29AE607700095432 /* ContentView.swift */ = {isa = PBXFileReference; lastKnownFileType = sourcecode.swift; path = ContentView.swift; sourceTree = "<group>"; };
		52188D3F29AE609700095432 /* Assets.xcassets */ = {isa = PBXFileReference; lastKnownFileType = folder.assetcatalog; path = Assets.xcassets; sourceTree = "<group>"; };
		52188D4229AE609700095432 /* Preview Assets.xcassets */ = {isa = PBXFileReference; lastKnownFileType = folder.assetcatalog; path = "Preview Assets.xcassets"; sourceTree = "<group>"; };
		52188D4729AE609700095432 /* Week05.xcdatamodel */ = {isa = PBXFileReference; lastKnownFileType = wrapper.xcdatamodel; path = Week05.xcdatamodel; sourceTree = "<group>"; };
		52188D4D29AE609900095432 /* Week05Tests.xctest */ = {isa = PBXFileReference; explicitFileType = wrapper.cfbundle; includeInIndex = 0; path = Week05Tests.xctest; sourceTree = BUILT_PRODUCTS_DIR; };
		52188D5729AE609900095432 /* Week05UITests.xctest */ = {isa = PBXFileReference; explicitFileType = wrapper.cfbundle; includeInIndex = 0; path = Week05UITests.xctest; sourceTree = BUILT_PRODUCTS_DIR; };
		52188D6A29AE615800095432 /* BundleAudio.swift */ = {isa = PBXFileReference; lastKnownFileType = sourcecode.swift; path = BundleAudio.swift; sourceTree = "<group>"; };
		52188D6D29AE622100095432 /* 07 SR20DET.mp3 */ = {isa = PBXFileReference; lastKnownFileType = audio.mp3; path = "07 SR20DET.mp3"; sourceTree = "<group>"; };
		52188D6E29AE622500095432 /* Why Try.mp3 */ = {isa = PBXFileReference; lastKnownFileType = audio.mp3; path = "Why Try.mp3"; sourceTree = "<group>"; };
		52188D6F29AE622A00095432 /* Mother.mp3 */ = {isa = PBXFileReference; lastKnownFileType = audio.mp3; path = Mother.mp3; sourceTree = "<group>"; };
/* End PBXFileReference section */

/* Begin PBXFrameworksBuildPhase section */
		52188D3529AE607700095432 /* Frameworks */ = {
			isa = PBXFrameworksBuildPhase;
			buildActionMask = 2147483647;
			files = (
			);
			runOnlyForDeploymentPostprocessing = 0;
		};
		52188D4A29AE609900095432 /* Frameworks */ = {
			isa = PBXFrameworksBuildPhase;
			buildActionMask = 2147483647;
			files = (
			);
			runOnlyForDeploymentPostprocessing = 0;
		};
		52188D5429AE609900095432 /* Frameworks */ = {
			isa = PBXFrameworksBuildPhase;
			buildActionMask = 2147483647;
			files = (
			);
			runOnlyForDeploymentPostprocessing = 0;
		};
/* End PBXFrameworksBuildPhase section */

/* Begin PBXGroup section */
		52188D2F29AE607600095432 = {
			isa = PBXGroup;
			children = (
				52188D3A29AE607700095432 /* Week05 */,
				52188D3929AE607700095432 /* Products */,
			);
			sourceTree = "<group>";
		};
		52188D3929AE607700095432 /* Products */ = {
			isa = PBXGroup;
			children = (
				52188D3829AE607700095432 /* Week05.app */,
				52188D4D29AE609900095432 /* Week05Tests.xctest */,
				52188D5729AE609900095432 /* Week05UITests.xctest */,
			);
			name = Products;
			sourceTree = "<group>";
		};
		52188D3A29AE607700095432 /* Week05 */ = {
			isa = PBXGroup;
			children = (
				52188D3B29AE607700095432 /* Week05App.swift */,
				52188D3D29AE607700095432 /* ContentView.swift */,
				52188D6A29AE615800095432 /* BundleAudio.swift */,
				52188D3F29AE609700095432 /* Assets.xcassets */,
				52188D4629AE609700095432 /* Week05.xcdatamodeld */,
				52188D6C29AE61D600095432 /* Resources */,
				52188D4129AE609700095432 /* Preview Content */,
			);
			path = Week05;
			sourceTree = "<group>";
		};
		52188D4129AE609700095432 /* Preview Content */ = {
			isa = PBXGroup;
			children = (
				52188D4229AE609700095432 /* Preview Assets.xcassets */,
			);
			path = "Preview Content";
			sourceTree = "<group>";
		};
		52188D6C29AE61D600095432 /* Resources */ = {
			isa = PBXGroup;
			children = (
				52188D6D29AE622100095432 /* 07 SR20DET.mp3 */,
				52188D6F29AE622A00095432 /* Mother.mp3 */,
				52188D6E29AE622500095432 /* Why Try.mp3 */,
			);
			path = Resources;
			sourceTree = "<group>";
		};
/* End PBXGroup section */

/* Begin PBXNativeTarget section */
		52188D3729AE607700095432 /* Week05 */ = {
			isa = PBXNativeTarget;
			buildConfigurationList = 52188D6129AE609A00095432 /* Build configuration list for PBXNativeTarget "Week05" */;
			buildPhases = (
				52188D3429AE607700095432 /* Sources */,
				52188D3529AE607700095432 /* Frameworks */,
				52188D3629AE607700095432 /* Resources */,
			);
			buildRules = (
			);
			dependencies = (
			);
			name = Week05;
			productName = Week05;
			productReference = 52188D3829AE607700095432 /* Week05.app */;
			productType = "com.apple.product-type.application";
		};
		52188D4C29AE609900095432 /* Week05Tests */ = {
			isa = PBXNativeTarget;
			buildConfigurationList = 52188D6429AE609A00095432 /* Build configuration list for PBXNativeTarget "Week05Tests" */;
			buildPhases = (
				52188D4929AE609900095432 /* Sources */,
				52188D4A29AE609900095432 /* Frameworks */,
				52188D4B29AE609900095432 /* Resources */,
			);
			buildRules = (
			);
			dependencies = (
				52188D4F29AE609900095432 /* PBXTargetDependency */,
			);
			name = Week05Tests;
			productName = Week05Tests;
			productReference = 52188D4D29AE609900095432 /* Week05Tests.xctest */;
			productType = "com.apple.product-type.bundle.unit-test";
		};
		52188D5629AE609900095432 /* Week05UITests */ = {
			isa = PBXNativeTarget;
			buildConfigurationList = 52188D6729AE609A00095432 /* Build configuration list for PBXNativeTarget "Week05UITests" */;
			buildPhases = (
				52188D5329AE609900095432 /* Sources */,
				52188D5429AE609900095432 /* Frameworks */,
				52188D5529AE609900095432 /* Resources */,
			);
			buildRules = (
			);
			dependencies = (
				52188D5929AE609900095432 /* PBXTargetDependency */,
			);
			name = Week05UITests;
			productName = Week05UITests;
			productReference = 52188D5729AE609900095432 /* Week05UITests.xctest */;
			productType = "com.apple.product-type.bundle.ui-testing";
		};
/* End PBXNativeTarget section */

/* Begin PBXProject section */
		52188D3029AE607600095432 /* Project object */ = {
			isa = PBXProject;
			attributes = {
				BuildIndependentTargetsInParallel = 1;
				LastSwiftUpdateCheck = 1420;
				LastUpgradeCheck = 1420;
				TargetAttributes = {
					52188D3729AE607700095432 = {
						CreatedOnToolsVersion = 14.2;
					};
					52188D4C29AE609900095432 = {
						CreatedOnToolsVersion = 14.2;
						TestTargetID = 52188D3729AE607700095432;
					};
					52188D5629AE609900095432 = {
						CreatedOnToolsVersion = 14.2;
						TestTargetID = 52188D3729AE607700095432;
					};
				};
			};
			buildConfigurationList = 52188D3329AE607600095432 /* Build configuration list for PBXProject "Week05" */;
			compatibilityVersion = "Xcode 14.0";
			developmentRegion = en;
			hasScannedForEncodings = 0;
			knownRegions = (
				en,
				Base,
			);
			mainGroup = 52188D2F29AE607600095432;
			productRefGroup = 52188D3929AE607700095432 /* Products */;
			projectDirPath = "";
			projectRoot = "";
			targets = (
				52188D3729AE607700095432 /* Week05 */,
				52188D4C29AE609900095432 /* Week05Tests */,
				52188D5629AE609900095432 /* Week05UITests */,
			);
		};
/* End PBXProject section */

/* Begin PBXResourcesBuildPhase section */
		52188D3629AE607700095432 /* Resources */ = {
			isa = PBXResourcesBuildPhase;
			buildActionMask = 2147483647;
			files = (
				52188D7229AE622A00095432 /* Mother.mp3 in Resources */,
				52188D7129AE622A00095432 /* Why Try.mp3 in Resources */,
				52188D4329AE609700095432 /* Preview Assets.xcassets in Resources */,
				52188D7029AE622A00095432 /* 07 SR20DET.mp3 in Resources */,
				52188D4029AE609700095432 /* Assets.xcassets in Resources */,
			);
			runOnlyForDeploymentPostprocessing = 0;
		};
		52188D4B29AE609900095432 /* Resources */ = {
			isa = PBXResourcesBuildPhase;
			buildActionMask = 2147483647;
			files = (
			);
			runOnlyForDeploymentPostprocessing = 0;
		};
		52188D5529AE609900095432 /* Resources */ = {
			isa = PBXResourcesBuildPhase;
			buildActionMask = 2147483647;
			files = (
			);
			runOnlyForDeploymentPostprocessing = 0;
		};
/* End PBXResourcesBuildPhase section */

/* Begin PBXSourcesBuildPhase section */
		52188D3429AE607700095432 /* Sources */ = {
			isa = PBXSourcesBuildPhase;
			buildActionMask = 2147483647;
			files = (
				52188D4829AE609700095432 /* Week05.xcdatamodeld in Sources */,
				52188D3E29AE607700095432 /* ContentView.swift in Sources */,
				52188D6B29AE615800095432 /* BundleAudio.swift in Sources */,
				52188D3C29AE607700095432 /* Week05App.swift in Sources */,
			);
			runOnlyForDeploymentPostprocessing = 0;
		};
		52188D4929AE609900095432 /* Sources */ = {
			isa = PBXSourcesBuildPhase;
			buildActionMask = 2147483647;
			files = (
			);
			runOnlyForDeploymentPostprocessing = 0;
		};
		52188D5329AE609900095432 /* Sources */ = {
			isa = PBXSourcesBuildPhase;
			buildActionMask = 2147483647;
			files = (
			);
			runOnlyForDeploymentPostprocessing = 0;
		};
/* End PBXSourcesBuildPhase section */

/* Begin PBXTargetDependency section */
		52188D4F29AE609900095432 /* PBXTargetDependency */ = {
			isa = PBXTargetDependency;
			target = 52188D3729AE607700095432 /* Week05 */;
			targetProxy = 52188D4E29AE609900095432 /* PBXContainerItemProxy */;
		};
		52188D5929AE609900095432 /* PBXTargetDependency */ = {
			isa = PBXTargetDependency;
			target = 52188D3729AE607700095432 /* Week05 */;
			targetProxy = 52188D5829AE609900095432 /* PBXContainerItemProxy */;
		};
/* End PBXTargetDependency section */

/* Begin XCBuildConfiguration section */
		52188D5F29AE609900095432 /* Debug */ = {
			isa = XCBuildConfiguration;
			buildSettings = {
				ALWAYS_SEARCH_USER_PATHS = NO;
				CLANG_ANALYZER_NONNULL = YES;
				CLANG_ANALYZER_NUMBER_OBJECT_CONVERSION = YES_AGGRESSIVE;
				CLANG_CXX_LANGUAGE_STANDARD = "gnu++20";
				CLANG_ENABLE_MODULES = YES;
				CLANG_ENABLE_OBJC_ARC = YES;
				CLANG_ENABLE_OBJC_WEAK = YES;
				CLANG_WARN_BLOCK_CAPTURE_AUTORELEASING = YES;
				CLANG_WARN_BOOL_CONVERSION = YES;
				CLANG_WARN_COMMA = YES;
				CLANG_WARN_CONSTANT_CONVERSION = YES;
				CLANG_WARN_DEPRECATED_OBJC_IMPLEMENTATIONS = YES;
				CLANG_WARN_DIRECT_OBJC_ISA_USAGE = YES_ERROR;
				CLANG_WARN_DOCUMENTATION_COMMENTS = YES;
				CLANG_WARN_EMPTY_BODY = YES;
				CLANG_WARN_ENUM_CONVERSION = YES;
				CLANG_WARN_INFINITE_RECURSION = YES;
				CLANG_WARN_INT_CONVERSION = YES;
				CLANG_WARN_NON_LITERAL_NULL_CONVERSION = YES;
				CLANG_WARN_OBJC_IMPLICIT_RETAIN_SELF = YES;
				CLANG_WARN_OBJC_LITERAL_CONVERSION = YES;
				CLANG_WARN_OBJC_ROOT_CLASS = YES_ERROR;
				CLANG_WARN_QUOTED_INCLUDE_IN_FRAMEWORK_HEADER = YES;
				CLANG_WARN_RANGE_LOOP_ANALYSIS = YES;
				CLANG_WARN_STRICT_PROTOTYPES = YES;
				CLANG_WARN_SUSPICIOUS_MOVE = YES;
				CLANG_WARN_UNGUARDED_AVAILABILITY = YES_AGGRESSIVE;
				CLANG_WARN_UNREACHABLE_CODE = YES;
				CLANG_WARN__DUPLICATE_METHOD_MATCH = YES;
				COPY_PHASE_STRIP = NO;
				DEBUG_INFORMATION_FORMAT = dwarf;
				ENABLE_STRICT_OBJC_MSGSEND = YES;
				ENABLE_TESTABILITY = YES;
				GCC_C_LANGUAGE_STANDARD = gnu11;
				GCC_DYNAMIC_NO_PIC = NO;
				GCC_NO_COMMON_BLOCKS = YES;
				GCC_OPTIMIZATION_LEVEL = 0;
				GCC_PREPROCESSOR_DEFINITIONS = (
					"DEBUG=1",
					"$(inherited)",
				);
				GCC_WARN_64_TO_32_BIT_CONVERSION = YES;
				GCC_WARN_ABOUT_RETURN_TYPE = YES_ERROR;
				GCC_WARN_UNDECLARED_SELECTOR = YES;
				GCC_WARN_UNINITIALIZED_AUTOS = YES_AGGRESSIVE;
				GCC_WARN_UNUSED_FUNCTION = YES;
				GCC_WARN_UNUSED_VARIABLE = YES;
				IPHONEOS_DEPLOYMENT_TARGET = 16.2;
				MTL_ENABLE_DEBUG_INFO = INCLUDE_SOURCE;
				MTL_FAST_MATH = YES;
				ONLY_ACTIVE_ARCH = YES;
				SDKROOT = iphoneos;
				SWIFT_ACTIVE_COMPILATION_CONDITIONS = DEBUG;
				SWIFT_OPTIMIZATION_LEVEL = "-Onone";
			};
			name = Debug;
		};
		52188D6029AE609900095432 /* Release */ = {
			isa = XCBuildConfiguration;
			buildSettings = {
				ALWAYS_SEARCH_USER_PATHS = NO;
				CLANG_ANALYZER_NONNULL = YES;
				CLANG_ANALYZER_NUMBER_OBJECT_CONVERSION = YES_AGGRESSIVE;
				CLANG_CXX_LANGUAGE_STANDARD = "gnu++20";
				CLANG_ENABLE_MODULES = YES;
				CLANG_ENABLE_OBJC_ARC = YES;
				CLANG_ENABLE_OBJC_WEAK = YES;
				CLANG_WARN_BLOCK_CAPTURE_AUTORELEASING = YES;
				CLANG_WARN_BOOL_CONVERSION = YES;
				CLANG_WARN_COMMA = YES;
				CLANG_WARN_CONSTANT_CONVERSION = YES;
				CLANG_WARN_DEPRECATED_OBJC_IMPLEMENTATIONS = YES;
				CLANG_WARN_DIRECT_OBJC_ISA_USAGE = YES_ERROR;
				CLANG_WARN_DOCUMENTATION_COMMENTS = YES;
				CLANG_WARN_EMPTY_BODY = YES;
				CLANG_WARN_ENUM_CONVERSION = YES;
				CLANG_WARN_INFINITE_RECURSION = YES;
				CLANG_WARN_INT_CONVERSION = YES;
				CLANG_WARN_NON_LITERAL_NULL_CONVERSION = YES;
				CLANG_WARN_OBJC_IMPLICIT_RETAIN_SELF = YES;
				CLANG_WARN_OBJC_LITERAL_CONVERSION = YES;
				CLANG_WARN_OBJC_ROOT_CLASS = YES_ERROR;
				CLANG_WARN_QUOTED_INCLUDE_IN_FRAMEWORK_HEADER = YES;
				CLANG_WARN_RANGE_LOOP_ANALYSIS = YES;
				CLANG_WARN_STRICT_PROTOTYPES = YES;
				CLANG_WARN_SUSPICIOUS_MOVE = YES;
				CLANG_WARN_UNGUARDED_AVAILABILITY = YES_AGGRESSIVE;
				CLANG_WARN_UNREACHABLE_CODE = YES;
				CLANG_WARN__DUPLICATE_METHOD_MATCH = YES;
				COPY_PHASE_STRIP = NO;
				DEBUG_INFORMATION_FORMAT = "dwarf-with-dsym";
				ENABLE_NS_ASSERTIONS = NO;
				ENABLE_STRICT_OBJC_MSGSEND = YES;
				GCC_C_LANGUAGE_STANDARD = gnu11;
				GCC_NO_COMMON_BLOCKS = YES;
				GCC_WARN_64_TO_32_BIT_CONVERSION = YES;
				GCC_WARN_ABOUT_RETURN_TYPE = YES_ERROR;
				GCC_WARN_UNDECLARED_SELECTOR = YES;
				GCC_WARN_UNINITIALIZED_AUTOS = YES_AGGRESSIVE;
				GCC_WARN_UNUSED_FUNCTION = YES;
				GCC_WARN_UNUSED_VARIABLE = YES;
				IPHONEOS_DEPLOYMENT_TARGET = 16.2;
				MTL_ENABLE_DEBUG_INFO = NO;
				MTL_FAST_MATH = YES;
				SDKROOT = iphoneos;
				SWIFT_COMPILATION_MODE = wholemodule;
				SWIFT_OPTIMIZATION_LEVEL = "-O";
				VALIDATE_PRODUCT = YES;
			};
			name = Release;
		};
		52188D6229AE609A00095432 /* Debug */ = {
			isa = XCBuildConfiguration;
			buildSettings = {
				ASSETCATALOG_COMPILER_APPICON_NAME = AppIcon;
				ASSETCATALOG_COMPILER_GLOBAL_ACCENT_COLOR_NAME = AccentColor;
				CODE_SIGN_STYLE = Automatic;
				CURRENT_PROJECT_VERSION = 1;
				DEVELOPMENT_ASSET_PATHS = "\"Week05/Preview Content\"";
				ENABLE_PREVIEWS = YES;
				GENERATE_INFOPLIST_FILE = YES;
				INFOPLIST_KEY_UIApplicationSceneManifest_Generation = YES;
				INFOPLIST_KEY_UIApplicationSupportsIndirectInputEvents = YES;
				INFOPLIST_KEY_UILaunchScreen_Generation = YES;
				INFOPLIST_KEY_UISupportedInterfaceOrientations_iPad = "UIInterfaceOrientationPortrait UIInterfaceOrientationPortraitUpsideDown UIInterfaceOrientationLandscapeLeft UIInterfaceOrientationLandscapeRight";
				INFOPLIST_KEY_UISupportedInterfaceOrientations_iPhone = "UIInterfaceOrientationPortrait UIInterfaceOrientationLandscapeLeft UIInterfaceOrientationLandscapeRight";
				LD_RUNPATH_SEARCH_PATHS = (
					"$(inherited)",
					"@executable_path/Frameworks",
				);
				MARKETING_VERSION = 1.0;
				PRODUCT_BUNDLE_IDENTIFIER = henry.Week05;
				PRODUCT_NAME = "$(TARGET_NAME)";
				SWIFT_EMIT_LOC_STRINGS = YES;
				SWIFT_VERSION = 5.0;
				TARGETED_DEVICE_FAMILY = "1,2";
			};
			name = Debug;
		};
		52188D6329AE609A00095432 /* Release */ = {
			isa = XCBuildConfiguration;
			buildSettings = {
				ASSETCATALOG_COMPILER_APPICON_NAME = AppIcon;
				ASSETCATALOG_COMPILER_GLOBAL_ACCENT_COLOR_NAME = AccentColor;
				CODE_SIGN_STYLE = Automatic;
				CURRENT_PROJECT_VERSION = 1;
				DEVELOPMENT_ASSET_PATHS = "\"Week05/Preview Content\"";
				ENABLE_PREVIEWS = YES;
				GENERATE_INFOPLIST_FILE = YES;
				INFOPLIST_KEY_UIApplicationSceneManifest_Generation = YES;
				INFOPLIST_KEY_UIApplicationSupportsIndirectInputEvents = YES;
				INFOPLIST_KEY_UILaunchScreen_Generation = YES;
				INFOPLIST_KEY_UISupportedInterfaceOrientations_iPad = "UIInterfaceOrientationPortrait UIInterfaceOrientationPortraitUpsideDown UIInterfaceOrientationLandscapeLeft UIInterfaceOrientationLandscapeRight";
				INFOPLIST_KEY_UISupportedInterfaceOrientations_iPhone = "UIInterfaceOrientationPortrait UIInterfaceOrientationLandscapeLeft UIInterfaceOrientationLandscapeRight";
				LD_RUNPATH_SEARCH_PATHS = (
					"$(inherited)",
					"@executable_path/Frameworks",
				);
				MARKETING_VERSION = 1.0;
				PRODUCT_BUNDLE_IDENTIFIER = henry.Week05;
				PRODUCT_NAME = "$(TARGET_NAME)";
				SWIFT_EMIT_LOC_STRINGS = YES;
				SWIFT_VERSION = 5.0;
				TARGETED_DEVICE_FAMILY = "1,2";
			};
			name = Release;
		};
		52188D6529AE609A00095432 /* Debug */ = {
			isa = XCBuildConfiguration;
			buildSettings = {
				ALWAYS_EMBED_SWIFT_STANDARD_LIBRARIES = YES;
				BUNDLE_LOADER = "$(TEST_HOST)";
				CODE_SIGN_STYLE = Automatic;
				CURRENT_PROJECT_VERSION = 1;
				GENERATE_INFOPLIST_FILE = YES;
				IPHONEOS_DEPLOYMENT_TARGET = 16.2;
				MARKETING_VERSION = 1.0;
				PRODUCT_BUNDLE_IDENTIFIER = henry.Week05Tests;
				PRODUCT_NAME = "$(TARGET_NAME)";
				SWIFT_EMIT_LOC_STRINGS = NO;
				SWIFT_VERSION = 5.0;
				TARGETED_DEVICE_FAMILY = "1,2";
				TEST_HOST = "$(BUILT_PRODUCTS_DIR)/Week05.app/$(BUNDLE_EXECUTABLE_FOLDER_PATH)/Week05";
			};
			name = Debug;
		};
		52188D6629AE609A00095432 /* Release */ = {
			isa = XCBuildConfiguration;
			buildSettings = {
				ALWAYS_EMBED_SWIFT_STANDARD_LIBRARIES = YES;
				BUNDLE_LOADER = "$(TEST_HOST)";
				CODE_SIGN_STYLE = Automatic;
				CURRENT_PROJECT_VERSION = 1;
				GENERATE_INFOPLIST_FILE = YES;
				IPHONEOS_DEPLOYMENT_TARGET = 16.2;
				MARKETING_VERSION = 1.0;
				PRODUCT_BUNDLE_IDENTIFIER = henry.Week05Tests;
				PRODUCT_NAME = "$(TARGET_NAME)";
				SWIFT_EMIT_LOC_STRINGS = NO;
				SWIFT_VERSION = 5.0;
				TARGETED_DEVICE_FAMILY = "1,2";
				TEST_HOST = "$(BUILT_PRODUCTS_DIR)/Week05.app/$(BUNDLE_EXECUTABLE_FOLDER_PATH)/Week05";
			};
			name = Release;
		};
		52188D6829AE609A00095432 /* Debug */ = {
			isa = XCBuildConfiguration;
			buildSettings = {
				ALWAYS_EMBED_SWIFT_STANDARD_LIBRARIES = YES;
				CODE_SIGN_STYLE = Automatic;
				CURRENT_PROJECT_VERSION = 1;
				GENERATE_INFOPLIST_FILE = YES;
				MARKETING_VERSION = 1.0;
				PRODUCT_BUNDLE_IDENTIFIER = henry.Week05UITests;
				PRODUCT_NAME = "$(TARGET_NAME)";
				SWIFT_EMIT_LOC_STRINGS = NO;
				SWIFT_VERSION = 5.0;
				TARGETED_DEVICE_FAMILY = "1,2";
				TEST_TARGET_NAME = Week05;
			};
			name = Debug;
		};
		52188D6929AE609A00095432 /* Release */ = {
			isa = XCBuildConfiguration;
			buildSettings = {
				ALWAYS_EMBED_SWIFT_STANDARD_LIBRARIES = YES;
				CODE_SIGN_STYLE = Automatic;
				CURRENT_PROJECT_VERSION = 1;
				GENERATE_INFOPLIST_FILE = YES;
				MARKETING_VERSION = 1.0;
				PRODUCT_BUNDLE_IDENTIFIER = henry.Week05UITests;
				PRODUCT_NAME = "$(TARGET_NAME)";
				SWIFT_EMIT_LOC_STRINGS = NO;
				SWIFT_VERSION = 5.0;
				TARGETED_DEVICE_FAMILY = "1,2";
				TEST_TARGET_NAME = Week05;
			};
			name = Release;
		};
/* End XCBuildConfiguration section */

/* Begin XCConfigurationList section */
		52188D3329AE607600095432 /* Build configuration list for PBXProject "Week05" */ = {
			isa = XCConfigurationList;
			buildConfigurations = (
				52188D5F29AE609900095432 /* Debug */,
				52188D6029AE609900095432 /* Release */,
			);
			defaultConfigurationIsVisible = 0;
			defaultConfigurationName = Release;
		};
		52188D6129AE609A00095432 /* Build configuration list for PBXNativeTarget "Week05" */ = {
			isa = XCConfigurationList;
			buildConfigurations = (
				52188D6229AE609A00095432 /* Debug */,
				52188D6329AE609A00095432 /* Release */,
			);
			defaultConfigurationIsVisible = 0;
			defaultConfigurationName = Release;
		};
		52188D6429AE609A00095432 /* Build configuration list for PBXNativeTarget "Week05Tests" */ = {
			isa = XCConfigurationList;
			buildConfigurations = (
				52188D6529AE609A00095432 /* Debug */,
				52188D6629AE609A00095432 /* Release */,
			);
			defaultConfigurationIsVisible = 0;
			defaultConfigurationName = Release;
		};
		52188D6729AE609A00095432 /* Build configuration list for PBXNativeTarget "Week05UITests" */ = {
			isa = XCConfigurationList;
			buildConfigurations = (
				52188D6829AE609A00095432 /* Debug */,
				52188D6929AE609A00095432 /* Release */,
			);
			defaultConfigurationIsVisible = 0;
			defaultConfigurationName = Release;
		};
/* End XCConfigurationList section */

/* Begin XCVersionGroup section */
		52188D4629AE609700095432 /* Week05.xcdatamodeld */ = {
			isa = XCVersionGroup;
			children = (
				52188D4729AE609700095432 /* Week05.xcdatamodel */,
			);
			currentVersion = 52188D4729AE609700095432 /* Week05.xcdatamodel */;
			path = Week05.xcdatamodeld;
			sourceTree = "<group>";
			versionGroupType = wrapper.xcdatamodel;
		};
/* End XCVersionGroup section */
	};
	rootObject = 52188D3029AE607600095432 /* Project object */;
}
